# THIS IS AN AUTOGENERATED FILE. DO NOT EDIT THIS FILE DIRECTLY.
# yarn lockfile v1


"@types/webmidi@^2.0.4":
  version "2.0.4"
  resolved "https://registry.yarnpkg.com/@types/webmidi/-/webmidi-2.0.4.tgz#d1bb7287d59cc350333d225ce8b3ad4e54c5e6da"
  integrity sha512-ouA837zUpSzURsUGvcnay6JwUz2B/UoJP3Lkacnz60y+rul8/auVOFS9LSO6v0gdNbGvRkbHEpayD8PbO7IKhw==

webmidi@^2.5.1:
  version "2.5.1"
  resolved "https://registry.yarnpkg.com/webmidi/-/webmidi-2.5.1.tgz#e98b0bb5356afb5112aaff7eaac23606cf0b71d0"
  integrity sha512-rX9/vBBSnSZR04ZZcLWCe/ujOizH9f/Q9HX11+Zw+HHwOy7edUTbbC3Axc2RjoiDQ2W7RkK1tY4yv0nYSfUcJg==
